// !$*UTF8*$!
{
	archiveVersion = 1;
	classes = {
	};
	objectVersion = 51;
	objects = {

/* Begin PBXBuildFile section */
		022A183FF46493DEDDFCED27 /* Pods_TestDrivenArchitecture.framework in Frameworks */ = {isa = PBXBuildFile; fileRef = CFE813582805F810B2E4A986 /* Pods_TestDrivenArchitecture.framework */; };
		E0B16A86247E89FC00AB8EF4 /* AppDelegate.swift in Sources */ = {isa = PBXBuildFile; fileRef = E0B16A85247E89FC00AB8EF4 /* AppDelegate.swift */; };
		E0B16A88247E89FC00AB8EF4 /* SceneDelegate.swift in Sources */ = {isa = PBXBuildFile; fileRef = E0B16A87247E89FC00AB8EF4 /* SceneDelegate.swift */; };
		E0B16A8F247E89FD00AB8EF4 /* Colors.xcassets in Resources */ = {isa = PBXBuildFile; fileRef = E0B16A8E247E89FD00AB8EF4 /* Colors.xcassets */; };
		E0B16A92247E89FD00AB8EF4 /* LaunchScreen.storyboard in Resources */ = {isa = PBXBuildFile; fileRef = E0B16A90247E89FD00AB8EF4 /* LaunchScreen.storyboard */; };
		E0B16A9D247E89FD00AB8EF4 /* TestDrivenArchitectureTests.swift in Sources */ = {isa = PBXBuildFile; fileRef = E0B16A9C247E89FD00AB8EF4 /* TestDrivenArchitectureTests.swift */; };
		E0B16AA8247E89FD00AB8EF4 /* TestDrivenArchitectureUITests.swift in Sources */ = {isa = PBXBuildFile; fileRef = E0B16AA7247E89FD00AB8EF4 /* TestDrivenArchitectureUITests.swift */; };
		E0B16AB9247E9C6700AB8EF4 /* Assets.swift in Sources */ = {isa = PBXBuildFile; fileRef = E0B16AB7247E9C6700AB8EF4 /* Assets.swift */; };
		E0B16ABA247E9C6700AB8EF4 /* Strings.swift in Sources */ = {isa = PBXBuildFile; fileRef = E0B16AB8247E9C6700AB8EF4 /* Strings.swift */; };
		E0B16AC6247EAD1C00AB8EF4 /* Localizable.strings in Resources */ = {isa = PBXBuildFile; fileRef = E0B16AC5247EAD1C00AB8EF4 /* Localizable.strings */; };
		E0B16AC8247EAD6A00AB8EF4 /* Images.xcassets in Resources */ = {isa = PBXBuildFile; fileRef = E0B16AC7247EAD6A00AB8EF4 /* Images.xcassets */; };
		E0B16B092484F85A00AB8EF4 /* ApplicationCoordinator.swift in Sources */ = {isa = PBXBuildFile; fileRef = E0B16B082484F85A00AB8EF4 /* ApplicationCoordinator.swift */; };
		E0B16B12248625C300AB8EF4 /* SignInViewController.swift in Sources */ = {isa = PBXBuildFile; fileRef = E0B16B11248625C300AB8EF4 /* SignInViewController.swift */; };
		E0B16B14248625CF00AB8EF4 /* SignInViewController+View.swift in Sources */ = {isa = PBXBuildFile; fileRef = E0B16B13248625CF00AB8EF4 /* SignInViewController+View.swift */; };
		E0B16B16248625D900AB8EF4 /* SignInViewModel.swift in Sources */ = {isa = PBXBuildFile; fileRef = E0B16B15248625D900AB8EF4 /* SignInViewModel.swift */; };
		E0B16B1A24868ECE00AB8EF4 /* UITextField+Border.swift in Sources */ = {isa = PBXBuildFile; fileRef = E0B16B1924868ECE00AB8EF4 /* UITextField+Border.swift */; };
/* End PBXBuildFile section */

/* Begin PBXContainerItemProxy section */
		E0B16A99247E89FD00AB8EF4 /* PBXContainerItemProxy */ = {
			isa = PBXContainerItemProxy;
			containerPortal = E0B16A7A247E89FC00AB8EF4 /* Project object */;
			proxyType = 1;
			remoteGlobalIDString = E0B16A81247E89FC00AB8EF4;
			remoteInfo = TestDrivenArchitecture;
		};
		E0B16AA4247E89FD00AB8EF4 /* PBXContainerItemProxy */ = {
			isa = PBXContainerItemProxy;
			containerPortal = E0B16A7A247E89FC00AB8EF4 /* Project object */;
			proxyType = 1;
			remoteGlobalIDString = E0B16A81247E89FC00AB8EF4;
			remoteInfo = TestDrivenArchitecture;
		};
/* End PBXContainerItemProxy section */

/* Begin PBXFileReference section */
		8C8954AF539B2EDDDB31C735 /* Pods-TestDrivenArchitecture.release.xcconfig */ = {isa = PBXFileReference; includeInIndex = 1; lastKnownFileType = text.xcconfig; name = "Pods-TestDrivenArchitecture.release.xcconfig"; path = "Target Support Files/Pods-TestDrivenArchitecture/Pods-TestDrivenArchitecture.release.xcconfig"; sourceTree = "<group>"; };
		A19A54F053D9A49A7D7F8D4A /* Pods-TestDrivenArchitecture.debug.xcconfig */ = {isa = PBXFileReference; includeInIndex = 1; lastKnownFileType = text.xcconfig; name = "Pods-TestDrivenArchitecture.debug.xcconfig"; path = "Target Support Files/Pods-TestDrivenArchitecture/Pods-TestDrivenArchitecture.debug.xcconfig"; sourceTree = "<group>"; };
		CFE813582805F810B2E4A986 /* Pods_TestDrivenArchitecture.framework */ = {isa = PBXFileReference; explicitFileType = wrapper.framework; includeInIndex = 0; path = Pods_TestDrivenArchitecture.framework; sourceTree = BUILT_PRODUCTS_DIR; };
		E0B16A82247E89FC00AB8EF4 /* Wine.app */ = {isa = PBXFileReference; explicitFileType = wrapper.application; includeInIndex = 0; path = Wine.app; sourceTree = BUILT_PRODUCTS_DIR; };
		E0B16A85247E89FC00AB8EF4 /* AppDelegate.swift */ = {isa = PBXFileReference; lastKnownFileType = sourcecode.swift; path = AppDelegate.swift; sourceTree = "<group>"; };
		E0B16A87247E89FC00AB8EF4 /* SceneDelegate.swift */ = {isa = PBXFileReference; lastKnownFileType = sourcecode.swift; path = SceneDelegate.swift; sourceTree = "<group>"; };
		E0B16A8E247E89FD00AB8EF4 /* Colors.xcassets */ = {isa = PBXFileReference; lastKnownFileType = folder.assetcatalog; path = Colors.xcassets; sourceTree = "<group>"; };
		E0B16A91247E89FD00AB8EF4 /* Base */ = {isa = PBXFileReference; lastKnownFileType = file.storyboard; name = Base; path = Base.lproj/LaunchScreen.storyboard; sourceTree = "<group>"; };
		E0B16A93247E89FD00AB8EF4 /* Info.plist */ = {isa = PBXFileReference; lastKnownFileType = text.plist.xml; path = Info.plist; sourceTree = "<group>"; };
		E0B16A98247E89FD00AB8EF4 /* TestDrivenArchitectureTests.xctest */ = {isa = PBXFileReference; explicitFileType = wrapper.cfbundle; includeInIndex = 0; path = TestDrivenArchitectureTests.xctest; sourceTree = BUILT_PRODUCTS_DIR; };
		E0B16A9C247E89FD00AB8EF4 /* TestDrivenArchitectureTests.swift */ = {isa = PBXFileReference; lastKnownFileType = sourcecode.swift; path = TestDrivenArchitectureTests.swift; sourceTree = "<group>"; };
		E0B16A9E247E89FD00AB8EF4 /* Info.plist */ = {isa = PBXFileReference; lastKnownFileType = text.plist.xml; path = Info.plist; sourceTree = "<group>"; };
		E0B16AA3247E89FD00AB8EF4 /* TestDrivenArchitectureUITests.xctest */ = {isa = PBXFileReference; explicitFileType = wrapper.cfbundle; includeInIndex = 0; path = TestDrivenArchitectureUITests.xctest; sourceTree = BUILT_PRODUCTS_DIR; };
		E0B16AA7247E89FD00AB8EF4 /* TestDrivenArchitectureUITests.swift */ = {isa = PBXFileReference; lastKnownFileType = sourcecode.swift; path = TestDrivenArchitectureUITests.swift; sourceTree = "<group>"; };
		E0B16AA9247E89FD00AB8EF4 /* Info.plist */ = {isa = PBXFileReference; lastKnownFileType = text.plist.xml; path = Info.plist; sourceTree = "<group>"; };
		E0B16AB5247E96DE00AB8EF4 /* swiftgen.yml */ = {isa = PBXFileReference; lastKnownFileType = text.yaml; path = swiftgen.yml; sourceTree = "<group>"; };
		E0B16AB7247E9C6700AB8EF4 /* Assets.swift */ = {isa = PBXFileReference; fileEncoding = 4; lastKnownFileType = sourcecode.swift; path = Assets.swift; sourceTree = "<group>"; };
		E0B16AB8247E9C6700AB8EF4 /* Strings.swift */ = {isa = PBXFileReference; fileEncoding = 4; lastKnownFileType = sourcecode.swift; path = Strings.swift; sourceTree = "<group>"; };
		E0B16AC5247EAD1C00AB8EF4 /* Localizable.strings */ = {isa = PBXFileReference; lastKnownFileType = text.plist.strings; path = Localizable.strings; sourceTree = "<group>"; };
		E0B16AC7247EAD6A00AB8EF4 /* Images.xcassets */ = {isa = PBXFileReference; lastKnownFileType = folder.assetcatalog; path = Images.xcassets; sourceTree = "<group>"; };
		E0B16B082484F85A00AB8EF4 /* ApplicationCoordinator.swift */ = {isa = PBXFileReference; lastKnownFileType = sourcecode.swift; path = ApplicationCoordinator.swift; sourceTree = "<group>"; };
		E0B16B11248625C300AB8EF4 /* SignInViewController.swift */ = {isa = PBXFileReference; lastKnownFileType = sourcecode.swift; path = SignInViewController.swift; sourceTree = "<group>"; };
		E0B16B13248625CF00AB8EF4 /* SignInViewController+View.swift */ = {isa = PBXFileReference; lastKnownFileType = sourcecode.swift; path = "SignInViewController+View.swift"; sourceTree = "<group>"; };
		E0B16B15248625D900AB8EF4 /* SignInViewModel.swift */ = {isa = PBXFileReference; lastKnownFileType = sourcecode.swift; path = SignInViewModel.swift; sourceTree = "<group>"; };
		E0B16B1924868ECE00AB8EF4 /* UITextField+Border.swift */ = {isa = PBXFileReference; lastKnownFileType = sourcecode.swift; path = "UITextField+Border.swift"; sourceTree = "<group>"; };
/* End PBXFileReference section */

/* Begin PBXFrameworksBuildPhase section */
		E0B16A7F247E89FC00AB8EF4 /* Frameworks */ = {
			isa = PBXFrameworksBuildPhase;
			buildActionMask = 2147483647;
			files = (
				022A183FF46493DEDDFCED27 /* Pods_TestDrivenArchitecture.framework in Frameworks */,
			);
			runOnlyForDeploymentPostprocessing = 0;
		};
		E0B16A95247E89FD00AB8EF4 /* Frameworks */ = {
			isa = PBXFrameworksBuildPhase;
			buildActionMask = 2147483647;
			files = (
			);
			runOnlyForDeploymentPostprocessing = 0;
		};
		E0B16AA0247E89FD00AB8EF4 /* Frameworks */ = {
			isa = PBXFrameworksBuildPhase;
			buildActionMask = 2147483647;
			files = (
			);
			runOnlyForDeploymentPostprocessing = 0;
		};
/* End PBXFrameworksBuildPhase section */

/* Begin PBXGroup section */
		21D724DC821B802B68EBD770 /* Pods */ = {
			isa = PBXGroup;
			children = (
				A19A54F053D9A49A7D7F8D4A /* Pods-TestDrivenArchitecture.debug.xcconfig */,
				8C8954AF539B2EDDDB31C735 /* Pods-TestDrivenArchitecture.release.xcconfig */,
			);
			path = Pods;
			sourceTree = "<group>";
		};
		3E8FD51345A38640040C8D80 /* Frameworks */ = {
			isa = PBXGroup;
			children = (
				CFE813582805F810B2E4A986 /* Pods_TestDrivenArchitecture.framework */,
			);
			name = Frameworks;
			sourceTree = "<group>";
		};
		E0B16A79247E89FC00AB8EF4 = {
			isa = PBXGroup;
			children = (
				E0B16AB5247E96DE00AB8EF4 /* swiftgen.yml */,
				E0B16A84247E89FC00AB8EF4 /* TestDrivenArchitecture */,
				E0B16A9B247E89FD00AB8EF4 /* TestDrivenArchitectureTests */,
				E0B16AA6247E89FD00AB8EF4 /* TestDrivenArchitectureUITests */,
				E0B16A83247E89FC00AB8EF4 /* Products */,
				21D724DC821B802B68EBD770 /* Pods */,
				3E8FD51345A38640040C8D80 /* Frameworks */,
			);
			sourceTree = "<group>";
		};
		E0B16A83247E89FC00AB8EF4 /* Products */ = {
			isa = PBXGroup;
			children = (
				E0B16A82247E89FC00AB8EF4 /* Wine.app */,
				E0B16A98247E89FD00AB8EF4 /* TestDrivenArchitectureTests.xctest */,
				E0B16AA3247E89FD00AB8EF4 /* TestDrivenArchitectureUITests.xctest */,
			);
			name = Products;
			sourceTree = "<group>";
		};
		E0B16A84247E89FC00AB8EF4 /* TestDrivenArchitecture */ = {
			isa = PBXGroup;
			children = (
				E0B16B1724868E8F00AB8EF4 /* Custom Component */,
				E0B16B072484F1B900AB8EF4 /* Application Coordinator */,
				E0B16B0D248623E200AB8EF4 /* Scenes */,
				E0B16AC9247F733100AB8EF4 /* Supporting Files */,
				E0B16ABB247E9EA200AB8EF4 /* Resources */,
				E0B16A85247E89FC00AB8EF4 /* AppDelegate.swift */,
				E0B16A87247E89FC00AB8EF4 /* SceneDelegate.swift */,
				E0B16A93247E89FD00AB8EF4 /* Info.plist */,
			);
			path = TestDrivenArchitecture;
			sourceTree = "<group>";
		};
		E0B16A9B247E89FD00AB8EF4 /* TestDrivenArchitectureTests */ = {
			isa = PBXGroup;
			children = (
				E0B16A9C247E89FD00AB8EF4 /* TestDrivenArchitectureTests.swift */,
				E0B16A9E247E89FD00AB8EF4 /* Info.plist */,
			);
			path = TestDrivenArchitectureTests;
			sourceTree = "<group>";
		};
		E0B16AA6247E89FD00AB8EF4 /* TestDrivenArchitectureUITests */ = {
			isa = PBXGroup;
			children = (
				E0B16AA7247E89FD00AB8EF4 /* TestDrivenArchitectureUITests.swift */,
				E0B16AA9247E89FD00AB8EF4 /* Info.plist */,
			);
			path = TestDrivenArchitectureUITests;
			sourceTree = "<group>";
		};
		E0B16AB6247E982000AB8EF4 /* SwiftGen */ = {
			isa = PBXGroup;
			children = (
				E0B16AB7247E9C6700AB8EF4 /* Assets.swift */,
				E0B16AB8247E9C6700AB8EF4 /* Strings.swift */,
			);
			path = SwiftGen;
			sourceTree = "<group>";
		};
		E0B16ABB247E9EA200AB8EF4 /* Resources */ = {
			isa = PBXGroup;
			children = (
				E0B16AB6247E982000AB8EF4 /* SwiftGen */,
				E0B16AC3247EACD900AB8EF4 /* JSON */,
				E0B16AC2247EACCF00AB8EF4 /* Fonts */,
				E0B16AC5247EAD1C00AB8EF4 /* Localizable.strings */,
				E0B16AC7247EAD6A00AB8EF4 /* Images.xcassets */,
				E0B16A8E247E89FD00AB8EF4 /* Colors.xcassets */,
			);
			path = Resources;
			sourceTree = "<group>";
		};
		E0B16AC2247EACCF00AB8EF4 /* Fonts */ = {
			isa = PBXGroup;
			children = (
			);
			path = Fonts;
			sourceTree = "<group>";
		};
		E0B16AC3247EACD900AB8EF4 /* JSON */ = {
			isa = PBXGroup;
			children = (
			);
			path = JSON;
			sourceTree = "<group>";
		};
		E0B16AC9247F733100AB8EF4 /* Supporting Files */ = {
			isa = PBXGroup;
			children = (
				E0B16A90247E89FD00AB8EF4 /* LaunchScreen.storyboard */,
			);
			path = "Supporting Files";
			sourceTree = "<group>";
		};
		E0B16B072484F1B900AB8EF4 /* Application Coordinator */ = {
			isa = PBXGroup;
			children = (
				E0B16B082484F85A00AB8EF4 /* ApplicationCoordinator.swift */,
			);
			path = "Application Coordinator";
			sourceTree = "<group>";
		};
		E0B16B0D248623E200AB8EF4 /* Scenes */ = {
			isa = PBXGroup;
			children = (
				E0B16B0F2486247700AB8EF4 /* Authentication */,
			);
			path = Scenes;
			sourceTree = "<group>";
		};
		E0B16B0F2486247700AB8EF4 /* Authentication */ = {
			isa = PBXGroup;
			children = (
				E0B16B272488E34A00AB8EF4 /* Main */,
				E0B16B102486248200AB8EF4 /* Sign In */,
			);
			path = Authentication;
			sourceTree = "<group>";
		};
		E0B16B102486248200AB8EF4 /* Sign In */ = {
			isa = PBXGroup;
			children = (
				E0B16B11248625C300AB8EF4 /* SignInViewController.swift */,
				E0B16B13248625CF00AB8EF4 /* SignInViewController+View.swift */,
				E0B16B15248625D900AB8EF4 /* SignInViewModel.swift */,
			);
			path = "Sign In";
			sourceTree = "<group>";
		};
		E0B16B1724868E8F00AB8EF4 /* Custom Component */ = {
			isa = PBXGroup;
			children = (
				E0B16B1824868EA400AB8EF4 /* UITextField */,
			);
			path = "Custom Component";
			sourceTree = "<group>";
		};
		E0B16B1824868EA400AB8EF4 /* UITextField */ = {
			isa = PBXGroup;
			children = (
				E0B16B1924868ECE00AB8EF4 /* UITextField+Border.swift */,
			);
			path = UITextField;
			sourceTree = "<group>";
		};
		E0B16B272488E34A00AB8EF4 /* Main */ = {
			isa = PBXGroup;
			children = (
			);
			path = Main;
			sourceTree = "<group>";
		};
/* End PBXGroup section */

/* Begin PBXNativeTarget section */
		E0B16A81247E89FC00AB8EF4 /* TestDrivenArchitecture */ = {
			isa = PBXNativeTarget;
			buildConfigurationList = E0B16AAC247E89FD00AB8EF4 /* Build configuration list for PBXNativeTarget "TestDrivenArchitecture" */;
			buildPhases = (
				BB77112B4A9CF165B6266471 /* [CP] Check Pods Manifest.lock */,
				E0B16A7E247E89FC00AB8EF4 /* Sources */,
				E0B16A7F247E89FC00AB8EF4 /* Frameworks */,
				E0B16A80247E89FC00AB8EF4 /* Resources */,
				E3658351CBBE76DC577EDCC6 /* [CP] Embed Pods Frameworks */,
				E0B16AC1247EAAA500AB8EF4 /* SwiftGen */,
			);
			buildRules = (
			);
			dependencies = (
			);
			name = TestDrivenArchitecture;
			productName = TestDrivenArchitecture;
			productReference = E0B16A82247E89FC00AB8EF4 /* Wine.app */;
			productType = "com.apple.product-type.application";
		};
		E0B16A97247E89FD00AB8EF4 /* TestDrivenArchitectureTests */ = {
			isa = PBXNativeTarget;
			buildConfigurationList = E0B16AAF247E89FD00AB8EF4 /* Build configuration list for PBXNativeTarget "TestDrivenArchitectureTests" */;
			buildPhases = (
				E0B16A94247E89FD00AB8EF4 /* Sources */,
				E0B16A95247E89FD00AB8EF4 /* Frameworks */,
				E0B16A96247E89FD00AB8EF4 /* Resources */,
			);
			buildRules = (
			);
			dependencies = (
				E0B16A9A247E89FD00AB8EF4 /* PBXTargetDependency */,
			);
			name = TestDrivenArchitectureTests;
			productName = TestDrivenArchitectureTests;
			productReference = E0B16A98247E89FD00AB8EF4 /* TestDrivenArchitectureTests.xctest */;
			productType = "com.apple.product-type.bundle.unit-test";
		};
		E0B16AA2247E89FD00AB8EF4 /* TestDrivenArchitectureUITests */ = {
			isa = PBXNativeTarget;
			buildConfigurationList = E0B16AB2247E89FD00AB8EF4 /* Build configuration list for PBXNativeTarget "TestDrivenArchitectureUITests" */;
			buildPhases = (
				E0B16A9F247E89FD00AB8EF4 /* Sources */,
				E0B16AA0247E89FD00AB8EF4 /* Frameworks */,
				E0B16AA1247E89FD00AB8EF4 /* Resources */,
			);
			buildRules = (
			);
			dependencies = (
				E0B16AA5247E89FD00AB8EF4 /* PBXTargetDependency */,
			);
			name = TestDrivenArchitectureUITests;
			productName = TestDrivenArchitectureUITests;
			productReference = E0B16AA3247E89FD00AB8EF4 /* TestDrivenArchitectureUITests.xctest */;
			productType = "com.apple.product-type.bundle.ui-testing";
		};
/* End PBXNativeTarget section */

/* Begin PBXProject section */
		E0B16A7A247E89FC00AB8EF4 /* Project object */ = {
			isa = PBXProject;
			attributes = {
				LastSwiftUpdateCheck = 1140;
				LastUpgradeCheck = 1140;
				ORGANIZATIONNAME = weijie;
				TargetAttributes = {
					E0B16A81247E89FC00AB8EF4 = {
						CreatedOnToolsVersion = 11.4.1;
					};
					E0B16A97247E89FD00AB8EF4 = {
						CreatedOnToolsVersion = 11.4.1;
						TestTargetID = E0B16A81247E89FC00AB8EF4;
					};
					E0B16AA2247E89FD00AB8EF4 = {
						CreatedOnToolsVersion = 11.4.1;
						TestTargetID = E0B16A81247E89FC00AB8EF4;
					};
				};
			};
			buildConfigurationList = E0B16A7D247E89FC00AB8EF4 /* Build configuration list for PBXProject "TestDrivenArchitecture" */;
			compatibilityVersion = "Xcode 9.3";
			developmentRegion = en;
			hasScannedForEncodings = 0;
			knownRegions = (
				en,
				Base,
			);
			mainGroup = E0B16A79247E89FC00AB8EF4;
			productRefGroup = E0B16A83247E89FC00AB8EF4 /* Products */;
			projectDirPath = "";
			projectRoot = "";
			targets = (
				E0B16A81247E89FC00AB8EF4 /* TestDrivenArchitecture */,
				E0B16A97247E89FD00AB8EF4 /* TestDrivenArchitectureTests */,
				E0B16AA2247E89FD00AB8EF4 /* TestDrivenArchitectureUITests */,
			);
		};
/* End PBXProject section */

/* Begin PBXResourcesBuildPhase section */
		E0B16A80247E89FC00AB8EF4 /* Resources */ = {
			isa = PBXResourcesBuildPhase;
			buildActionMask = 2147483647;
			files = (
				E0B16A92247E89FD00AB8EF4 /* LaunchScreen.storyboard in Resources */,
				E0B16AC6247EAD1C00AB8EF4 /* Localizable.strings in Resources */,
				E0B16AC8247EAD6A00AB8EF4 /* Images.xcassets in Resources */,
				E0B16A8F247E89FD00AB8EF4 /* Colors.xcassets in Resources */,
			);
			runOnlyForDeploymentPostprocessing = 0;
		};
		E0B16A96247E89FD00AB8EF4 /* Resources */ = {
			isa = PBXResourcesBuildPhase;
			buildActionMask = 2147483647;
			files = (
			);
			runOnlyForDeploymentPostprocessing = 0;
		};
		E0B16AA1247E89FD00AB8EF4 /* Resources */ = {
			isa = PBXResourcesBuildPhase;
			buildActionMask = 2147483647;
			files = (
			);
			runOnlyForDeploymentPostprocessing = 0;
		};
/* End PBXResourcesBuildPhase section */

/* Begin PBXShellScriptBuildPhase section */
		BB77112B4A9CF165B6266471 /* [CP] Check Pods Manifest.lock */ = {
			isa = PBXShellScriptBuildPhase;
			buildActionMask = 2147483647;
			files = (
			);
			inputFileListPaths = (
			);
			inputPaths = (
				"${PODS_PODFILE_DIR_PATH}/Podfile.lock",
				"${PODS_ROOT}/Manifest.lock",
			);
			name = "[CP] Check Pods Manifest.lock";
			outputFileListPaths = (
			);
			outputPaths = (
				"$(DERIVED_FILE_DIR)/Pods-TestDrivenArchitecture-checkManifestLockResult.txt",
			);
			runOnlyForDeploymentPostprocessing = 0;
			shellPath = /bin/sh;
			shellScript = "diff \"${PODS_PODFILE_DIR_PATH}/Podfile.lock\" \"${PODS_ROOT}/Manifest.lock\" > /dev/null\nif [ $? != 0 ] ; then\n    # print error to STDERR\n    echo \"error: The sandbox is not in sync with the Podfile.lock. Run 'pod install' or update your CocoaPods installation.\" >&2\n    exit 1\nfi\n# This output is used by Xcode 'outputs' to avoid re-running this script phase.\necho \"SUCCESS\" > \"${SCRIPT_OUTPUT_FILE_0}\"\n";
			showEnvVarsInLog = 0;
		};
		E0B16AC1247EAAA500AB8EF4 /* SwiftGen */ = {
			isa = PBXShellScriptBuildPhase;
			buildActionMask = 2147483647;
			files = (
			);
			inputFileListPaths = (
			);
			inputPaths = (
			);
			name = SwiftGen;
			outputFileListPaths = (
			);
			outputPaths = (
			);
			runOnlyForDeploymentPostprocessing = 0;
			shellPath = /bin/sh;
			shellScript = "# Type a script or drag a script file from your workspace to insert its path.\nif [ -f \"${PODS_ROOT}/SwiftGen/bin/swiftgen\" ]; then\n  \"${PODS_ROOT}/SwiftGen/bin/swiftgen\"\nelse\n  echo \"error: SwiftGen not installed, download from https://github.com/SwiftGen/SwiftGen\"\n  exit 1\nfi\n";
		};
		E3658351CBBE76DC577EDCC6 /* [CP] Embed Pods Frameworks */ = {
			isa = PBXShellScriptBuildPhase;
			buildActionMask = 2147483647;
			files = (
			);
			inputFileListPaths = (
				"${PODS_ROOT}/Target Support Files/Pods-TestDrivenArchitecture/Pods-TestDrivenArchitecture-frameworks-${CONFIGURATION}-input-files.xcfilelist",
			);
			name = "[CP] Embed Pods Frameworks";
			outputFileListPaths = (
				"${PODS_ROOT}/Target Support Files/Pods-TestDrivenArchitecture/Pods-TestDrivenArchitecture-frameworks-${CONFIGURATION}-output-files.xcfilelist",
			);
			runOnlyForDeploymentPostprocessing = 0;
			shellPath = /bin/sh;
			shellScript = "\"${PODS_ROOT}/Target Support Files/Pods-TestDrivenArchitecture/Pods-TestDrivenArchitecture-frameworks.sh\"\n";
			showEnvVarsInLog = 0;
		};
/* End PBXShellScriptBuildPhase section */

/* Begin PBXSourcesBuildPhase section */
		E0B16A7E247E89FC00AB8EF4 /* Sources */ = {
			isa = PBXSourcesBuildPhase;
			buildActionMask = 2147483647;
			files = (
				E0B16B12248625C300AB8EF4 /* SignInViewController.swift in Sources */,
				E0B16B1A24868ECE00AB8EF4 /* UITextField+Border.swift in Sources */,
				E0B16A86247E89FC00AB8EF4 /* AppDelegate.swift in Sources */,
				E0B16AB9247E9C6700AB8EF4 /* Assets.swift in Sources */,
				E0B16ABA247E9C6700AB8EF4 /* Strings.swift in Sources */,
				E0B16B16248625D900AB8EF4 /* SignInViewModel.swift in Sources */,
				E0B16A88247E89FC00AB8EF4 /* SceneDelegate.swift in Sources */,
				E0B16B092484F85A00AB8EF4 /* ApplicationCoordinator.swift in Sources */,
				E0B16B14248625CF00AB8EF4 /* SignInViewController+View.swift in Sources */,
			);
			runOnlyForDeploymentPostprocessing = 0;
		};
		E0B16A94247E89FD00AB8EF4 /* Sources */ = {
			isa = PBXSourcesBuildPhase;
			buildActionMask = 2147483647;
			files = (
				E0B16A9D247E89FD00AB8EF4 /* TestDrivenArchitectureTests.swift in Sources */,
			);
			runOnlyForDeploymentPostprocessing = 0;
		};
		E0B16A9F247E89FD00AB8EF4 /* Sources */ = {
			isa = PBXSourcesBuildPhase;
			buildActionMask = 2147483647;
			files = (
				E0B16AA8247E89FD00AB8EF4 /* TestDrivenArchitectureUITests.swift in Sources */,
			);
			runOnlyForDeploymentPostprocessing = 0;
		};
/* End PBXSourcesBuildPhase section */

/* Begin PBXTargetDependency section */
		E0B16A9A247E89FD00AB8EF4 /* PBXTargetDependency */ = {
			isa = PBXTargetDependency;
			target = E0B16A81247E89FC00AB8EF4 /* TestDrivenArchitecture */;
			targetProxy = E0B16A99247E89FD00AB8EF4 /* PBXContainerItemProxy */;
		};
		E0B16AA5247E89FD00AB8EF4 /* PBXTargetDependency */ = {
			isa = PBXTargetDependency;
			target = E0B16A81247E89FC00AB8EF4 /* TestDrivenArchitecture */;
			targetProxy = E0B16AA4247E89FD00AB8EF4 /* PBXContainerItemProxy */;
		};
/* End PBXTargetDependency section */

/* Begin PBXVariantGroup section */
		E0B16A90247E89FD00AB8EF4 /* LaunchScreen.storyboard */ = {
			isa = PBXVariantGroup;
			children = (
				E0B16A91247E89FD00AB8EF4 /* Base */,
			);
			name = LaunchScreen.storyboard;
			sourceTree = "<group>";
		};
/* End PBXVariantGroup section */

/* Begin XCBuildConfiguration section */
		E0B16AAA247E89FD00AB8EF4 /* Debug */ = {
			isa = XCBuildConfiguration;
			buildSettings = {
				ALWAYS_SEARCH_USER_PATHS = NO;
				CLANG_ANALYZER_NONNULL = YES;
				CLANG_ANALYZER_NUMBER_OBJECT_CONVERSION = YES_AGGRESSIVE;
				CLANG_CXX_LANGUAGE_STANDARD = "gnu++14";
				CLANG_CXX_LIBRARY = "libc++";
				CLANG_ENABLE_MODULES = YES;
				CLANG_ENABLE_OBJC_ARC = YES;
				CLANG_ENABLE_OBJC_WEAK = YES;
				CLANG_WARN_BLOCK_CAPTURE_AUTORELEASING = YES;
				CLANG_WARN_BOOL_CONVERSION = YES;
				CLANG_WARN_COMMA = YES;
				CLANG_WARN_CONSTANT_CONVERSION = YES;
				CLANG_WARN_DEPRECATED_OBJC_IMPLEMENTATIONS = YES;
				CLANG_WARN_DIRECT_OBJC_ISA_USAGE = YES_ERROR;
				CLANG_WARN_DOCUMENTATION_COMMENTS = YES;
				CLANG_WARN_EMPTY_BODY = YES;
				CLANG_WARN_ENUM_CONVERSION = YES;
				CLANG_WARN_INFINITE_RECURSION = YES;
				CLANG_WARN_INT_CONVERSION = YES;
				CLANG_WARN_NON_LITERAL_NULL_CONVERSION = YES;
				CLANG_WARN_OBJC_IMPLICIT_RETAIN_SELF = YES;
				CLANG_WARN_OBJC_LITERAL_CONVERSION = YES;
				CLANG_WARN_OBJC_ROOT_CLASS = YES_ERROR;
				CLANG_WARN_RANGE_LOOP_ANALYSIS = YES;
				CLANG_WARN_STRICT_PROTOTYPES = YES;
				CLANG_WARN_SUSPICIOUS_MOVE = YES;
				CLANG_WARN_UNGUARDED_AVAILABILITY = YES_AGGRESSIVE;
				CLANG_WARN_UNREACHABLE_CODE = YES;
				CLANG_WARN__DUPLICATE_METHOD_MATCH = YES;
				COPY_PHASE_STRIP = NO;
				DEBUG_INFORMATION_FORMAT = dwarf;
				ENABLE_STRICT_OBJC_MSGSEND = YES;
				ENABLE_TESTABILITY = YES;
				GCC_C_LANGUAGE_STANDARD = gnu11;
				GCC_DYNAMIC_NO_PIC = NO;
				GCC_NO_COMMON_BLOCKS = YES;
				GCC_OPTIMIZATION_LEVEL = 0;
				GCC_PREPROCESSOR_DEFINITIONS = (
					"DEBUG=1",
					"$(inherited)",
				);
				GCC_WARN_64_TO_32_BIT_CONVERSION = YES;
				GCC_WARN_ABOUT_RETURN_TYPE = YES_ERROR;
				GCC_WARN_UNDECLARED_SELECTOR = YES;
				GCC_WARN_UNINITIALIZED_AUTOS = YES_AGGRESSIVE;
				GCC_WARN_UNUSED_FUNCTION = YES;
				GCC_WARN_UNUSED_VARIABLE = YES;
				IPHONEOS_DEPLOYMENT_TARGET = 13.4;
				MTL_ENABLE_DEBUG_INFO = INCLUDE_SOURCE;
				MTL_FAST_MATH = YES;
				ONLY_ACTIVE_ARCH = YES;
				SDKROOT = iphoneos;
				SWIFT_ACTIVE_COMPILATION_CONDITIONS = DEBUG;
				SWIFT_OPTIMIZATION_LEVEL = "-Onone";
			};
			name = Debug;
		};
		E0B16AAB247E89FD00AB8EF4 /* Release */ = {
			isa = XCBuildConfiguration;
			buildSettings = {
				ALWAYS_SEARCH_USER_PATHS = NO;
				CLANG_ANALYZER_NONNULL = YES;
				CLANG_ANALYZER_NUMBER_OBJECT_CONVERSION = YES_AGGRESSIVE;
				CLANG_CXX_LANGUAGE_STANDARD = "gnu++14";
				CLANG_CXX_LIBRARY = "libc++";
				CLANG_ENABLE_MODULES = YES;
				CLANG_ENABLE_OBJC_ARC = YES;
				CLANG_ENABLE_OBJC_WEAK = YES;
				CLANG_WARN_BLOCK_CAPTURE_AUTORELEASING = YES;
				CLANG_WARN_BOOL_CONVERSION = YES;
				CLANG_WARN_COMMA = YES;
				CLANG_WARN_CONSTANT_CONVERSION = YES;
				CLANG_WARN_DEPRECATED_OBJC_IMPLEMENTATIONS = YES;
				CLANG_WARN_DIRECT_OBJC_ISA_USAGE = YES_ERROR;
				CLANG_WARN_DOCUMENTATION_COMMENTS = YES;
				CLANG_WARN_EMPTY_BODY = YES;
				CLANG_WARN_ENUM_CONVERSION = YES;
				CLANG_WARN_INFINITE_RECURSION = YES;
				CLANG_WARN_INT_CONVERSION = YES;
				CLANG_WARN_NON_LITERAL_NULL_CONVERSION = YES;
				CLANG_WARN_OBJC_IMPLICIT_RETAIN_SELF = YES;
				CLANG_WARN_OBJC_LITERAL_CONVERSION = YES;
				CLANG_WARN_OBJC_ROOT_CLASS = YES_ERROR;
				CLANG_WARN_RANGE_LOOP_ANALYSIS = YES;
				CLANG_WARN_STRICT_PROTOTYPES = YES;
				CLANG_WARN_SUSPICIOUS_MOVE = YES;
				CLANG_WARN_UNGUARDED_AVAILABILITY = YES_AGGRESSIVE;
				CLANG_WARN_UNREACHABLE_CODE = YES;
				CLANG_WARN__DUPLICATE_METHOD_MATCH = YES;
				COPY_PHASE_STRIP = NO;
				DEBUG_INFORMATION_FORMAT = "dwarf-with-dsym";
				ENABLE_NS_ASSERTIONS = NO;
				ENABLE_STRICT_OBJC_MSGSEND = YES;
				GCC_C_LANGUAGE_STANDARD = gnu11;
				GCC_NO_COMMON_BLOCKS = YES;
				GCC_WARN_64_TO_32_BIT_CONVERSION = YES;
				GCC_WARN_ABOUT_RETURN_TYPE = YES_ERROR;
				GCC_WARN_UNDECLARED_SELECTOR = YES;
				GCC_WARN_UNINITIALIZED_AUTOS = YES_AGGRESSIVE;
				GCC_WARN_UNUSED_FUNCTION = YES;
				GCC_WARN_UNUSED_VARIABLE = YES;
				IPHONEOS_DEPLOYMENT_TARGET = 13.4;
				MTL_ENABLE_DEBUG_INFO = NO;
				MTL_FAST_MATH = YES;
				SDKROOT = iphoneos;
				SWIFT_COMPILATION_MODE = wholemodule;
				SWIFT_OPTIMIZATION_LEVEL = "-O";
				VALIDATE_PRODUCT = YES;
			};
			name = Release;
		};
		E0B16AAD247E89FD00AB8EF4 /* Debug */ = {
			isa = XCBuildConfiguration;
			baseConfigurationReference = A19A54F053D9A49A7D7F8D4A /* Pods-TestDrivenArchitecture.debug.xcconfig */;
			buildSettings = {
				ASSETCATALOG_COMPILER_APPICON_NAME = AppIcon;
				CODE_SIGN_STYLE = Automatic;
				DEVELOPMENT_TEAM = 2V7TGKWJVC;
				INFOPLIST_FILE = TestDrivenArchitecture/Info.plist;
				LD_RUNPATH_SEARCH_PATHS = (
					"$(inherited)",
					"@executable_path/Frameworks",
				);
				PRODUCT_BUNDLE_IDENTIFIER = com.weijie.TestDrivenArchitecture;
				PRODUCT_NAME = Wine;
				SWIFT_VERSION = 5.0;
				TARGETED_DEVICE_FAMILY = "1,2";
			};
			name = Debug;
		};
		E0B16AAE247E89FD00AB8EF4 /* Release */ = {
			isa = XCBuildConfiguration;
			baseConfigurationReference = 8C8954AF539B2EDDDB31C735 /* Pods-TestDrivenArchitecture.release.xcconfig */;
			buildSettings = {
				ASSETCATALOG_COMPILER_APPICON_NAME = AppIcon;
				CODE_SIGN_STYLE = Automatic;
				DEVELOPMENT_TEAM = 2V7TGKWJVC;
				INFOPLIST_FILE = TestDrivenArchitecture/Info.plist;
				LD_RUNPATH_SEARCH_PATHS = (
					"$(inherited)",
					"@executable_path/Frameworks",
				);
				PRODUCT_BUNDLE_IDENTIFIER = com.weijie.TestDrivenArchitecture;
				PRODUCT_NAME = Wine;
				SWIFT_VERSION = 5.0;
				TARGETED_DEVICE_FAMILY = "1,2";
			};
			name = Release;
		};
		E0B16AB0247E89FD00AB8EF4 /* Debug */ = {
			isa = XCBuildConfiguration;
			buildSettings = {
				ALWAYS_EMBED_SWIFT_STANDARD_LIBRARIES = YES;
				BUNDLE_LOADER = "$(TEST_HOST)";
				CODE_SIGN_STYLE = Automatic;
				DEVELOPMENT_TEAM = 2V7TGKWJVC;
				INFOPLIST_FILE = TestDrivenArchitectureTests/Info.plist;
				IPHONEOS_DEPLOYMENT_TARGET = 13.4;
				LD_RUNPATH_SEARCH_PATHS = (
					"$(inherited)",
					"@executable_path/Frameworks",
					"@loader_path/Frameworks",
				);
				PRODUCT_BUNDLE_IDENTIFIER = com.weijie.TestDrivenArchitectureTests;
				PRODUCT_NAME = "$(TARGET_NAME)";
				SWIFT_VERSION = 5.0;
				TARGETED_DEVICE_FAMILY = "1,2";
				TEST_HOST = "$(BUILT_PRODUCTS_DIR)/TestDrivenArchitecture.app/TestDrivenArchitecture";
			};
			name = Debug;
		};
		E0B16AB1247E89FD00AB8EF4 /* Release */ = {
			isa = XCBuildConfiguration;
			buildSettings = {
				ALWAYS_EMBED_SWIFT_STANDARD_LIBRARIES = YES;
				BUNDLE_LOADER = "$(TEST_HOST)";
				CODE_SIGN_STYLE = Automatic;
				DEVELOPMENT_TEAM = 2V7TGKWJVC;
				INFOPLIST_FILE = TestDrivenArchitectureTests/Info.plist;
				IPHONEOS_DEPLOYMENT_TARGET = 13.4;
				LD_RUNPATH_SEARCH_PATHS = (
					"$(inherited)",
					"@executable_path/Frameworks",
					"@loader_path/Frameworks",
				);
				PRODUCT_BUNDLE_IDENTIFIER = com.weijie.TestDrivenArchitectureTests;
				PRODUCT_NAME = "$(TARGET_NAME)";
				SWIFT_VERSION = 5.0;
				TARGETED_DEVICE_FAMILY = "1,2";
				TEST_HOST = "$(BUILT_PRODUCTS_DIR)/TestDrivenArchitecture.app/TestDrivenArchitecture";
			};
			name = Release;
		};
		E0B16AB3247E89FD00AB8EF4 /* Debug */ = {
			isa = XCBuildConfiguration;
			buildSettings = {
				ALWAYS_EMBED_SWIFT_STANDARD_LIBRARIES = YES;
				CODE_SIGN_STYLE = Automatic;
				DEVELOPMENT_TEAM = 2V7TGKWJVC;
				INFOPLIST_FILE = TestDrivenArchitectureUITests/Info.plist;
				LD_RUNPATH_SEARCH_PATHS = (
					"$(inherited)",
					"@executable_path/Frameworks",
					"@loader_path/Frameworks",
				);
				PRODUCT_BUNDLE_IDENTIFIER = com.weijie.TestDrivenArchitectureUITests;
				PRODUCT_NAME = "$(TARGET_NAME)";
				SWIFT_VERSION = 5.0;
				TARGETED_DEVICE_FAMILY = "1,2";
				TEST_TARGET_NAME = TestDrivenArchitecture;
			};
			name = Debug;
		};
		E0B16AB4247E89FD00AB8EF4 /* Release */ = {
			isa = XCBuildConfiguration;
			buildSettings = {
				ALWAYS_EMBED_SWIFT_STANDARD_LIBRARIES = YES;
				CODE_SIGN_STYLE = Automatic;
				DEVELOPMENT_TEAM = 2V7TGKWJVC;
				INFOPLIST_FILE = TestDrivenArchitectureUITests/Info.plist;
				LD_RUNPATH_SEARCH_PATHS = (
					"$(inherited)",
					"@executable_path/Frameworks",
					"@loader_path/Frameworks",
				);
				PRODUCT_BUNDLE_IDENTIFIER = com.weijie.TestDrivenArchitectureUITests;
				PRODUCT_NAME = "$(TARGET_NAME)";
				SWIFT_VERSION = 5.0;
				TARGETED_DEVICE_FAMILY = "1,2";
				TEST_TARGET_NAME = TestDrivenArchitecture;
			};
			name = Release;
		};
/* End XCBuildConfiguration section */

/* Begin XCConfigurationList section */
		E0B16A7D247E89FC00AB8EF4 /* Build configuration list for PBXProject "TestDrivenArchitecture" */ = {
			isa = XCConfigurationList;
			buildConfigurations = (
				E0B16AAA247E89FD00AB8EF4 /* Debug */,
				E0B16AAB247E89FD00AB8EF4 /* Release */,
			);
			defaultConfigurationIsVisible = 0;
			defaultConfigurationName = Release;
		};
		E0B16AAC247E89FD00AB8EF4 /* Build configuration list for PBXNativeTarget "TestDrivenArchitecture" */ = {
			isa = XCConfigurationList;
			buildConfigurations = (
				E0B16AAD247E89FD00AB8EF4 /* Debug */,
				E0B16AAE247E89FD00AB8EF4 /* Release */,
			);
			defaultConfigurationIsVisible = 0;
			defaultConfigurationName = Release;
		};
		E0B16AAF247E89FD00AB8EF4 /* Build configuration list for PBXNativeTarget "TestDrivenArchitectureTests" */ = {
			isa = XCConfigurationList;
			buildConfigurations = (
				E0B16AB0247E89FD00AB8EF4 /* Debug */,
				E0B16AB1247E89FD00AB8EF4 /* Release */,
			);
			defaultConfigurationIsVisible = 0;
			defaultConfigurationName = Release;
		};
		E0B16AB2247E89FD00AB8EF4 /* Build configuration list for PBXNativeTarget "TestDrivenArchitectureUITests" */ = {
			isa = XCConfigurationList;
			buildConfigurations = (
				E0B16AB3247E89FD00AB8EF4 /* Debug */,
				E0B16AB4247E89FD00AB8EF4 /* Release */,
			);
			defaultConfigurationIsVisible = 0;
			defaultConfigurationName = Release;
		};
/* End XCConfigurationList section */
	};
	rootObject = E0B16A7A247E89FC00AB8EF4 /* Project object */;
}
